
Microsoft Visual Studio Solution File, Format Version 12.00
# Visual Studio Version 17
VisualStudioVersion = 17.2.32616.157
MinimumVisualStudioVersion = 10.0.40219.1
Project("{9A19103F-16F7-4668-BE54-9A1E7A4F7556}") = "CommonResources", "CommonResources\CommonResources.csproj", "{1848FF4A-34CE-48E4-B31F-5729350DF0AD}"
EndProject
Project("{9A19103F-16F7-4668-BE54-9A1E7A4F7556}") = "HanamikojiClient", "HanamikojiClient\HanamikojiClient.csproj", "{3649F0FC-F730-491B-B047-57F42B453095}"
EndProject
Project("{9A19103F-16F7-4668-BE54-9A1E7A4F7556}") = "HanamikojiServer", "HanamikojiServer\HanamikojiServer.csproj", "{D6C73467-334D-4EDF-9589-576A293AC9AD}"
EndProject
Global
	GlobalSection(SolutionConfigurationPlatforms) = preSolution
		Debug|Any CPU = Debug|Any CPU
		Release|Any CPU = Release|Any CPU
	EndGlobalSection
	GlobalSection(ProjectConfigurationPlatforms) = postSolution
		{1848FF4A-34CE-48E4-B31F-5729350DF0AD}.Debug|Any CPU.ActiveCfg = Debug|Any CPU
		{1848FF4A-34CE-48E4-B31F-5729350DF0AD}.Debug|Any CPU.Build.0 = Debug|Any CPU
		{1848FF4A-34CE-48E4-B31F-5729350DF0AD}.Release|Any CPU.ActiveCfg = Release|Any CPU
		{1848FF4A-34CE-48E4-B31F-5729350DF0AD}.Release|Any CPU.Build.0 = Release|Any CPU
		{3649F0FC-F730-491B-B047-57F42B453095}.Debug|Any CPU.ActiveCfg = Debug|Any CPU
		{3649F0FC-F730-491B-B047-57F42B453095}.Debug|Any CPU.Build.0 = Debug|Any CPU
		{3649F0FC-F730-491B-B047-57F42B453095}.Release|Any CPU.ActiveCfg = Release|Any CPU
		{3649F0FC-F730-491B-B047-57F42B453095}.Release|Any CPU.Build.0 = Release|Any CPU
		{D6C73467-334D-4EDF-9589-576A293AC9AD}.Debug|Any CPU.ActiveCfg = Debug|Any CPU
		{D6C73467-334D-4EDF-9589-576A293AC9AD}.Debug|Any CPU.Build.0 = Debug|Any CPU
		{D6C73467-334D-4EDF-9589-576A293AC9AD}.Release|Any CPU.ActiveCfg = Release|Any CPU
		{D6C73467-334D-4EDF-9589-576A293AC9AD}.Release|Any CPU.Build.0 = Release|Any CPU
	EndGlobalSection
	GlobalSection(SolutionProperties) = preSolution
		HideSolutionNode = FALSE
	EndGlobalSection
	GlobalSection(ExtensibilityGlobals) = postSolution
		SolutionGuid = {08EF190A-246F-42BF-80AE-555EEB5384E2}
	EndGlobalSection
EndGlobal
