
Microsoft Visual Studio Solution File, Format Version 12.00
# Visual Studio Version 17
VisualStudioVersion = 17.2.32616.157
MinimumVisualStudioVersion = 10.0.40219.1
Project("{9A19103F-16F7-4668-BE54-9A1E7A4F7556}") = "CommonResources", "CommonResources\CommonResources.csproj", "{9AFB083C-F108-491F-8572-2402B8FDDB8D}"
EndProject
Project("{9A19103F-16F7-4668-BE54-9A1E7A4F7556}") = "HanamikojiClient", "HanamikojiClient\HanamikojiClient.csproj", "{E2B7C841-554B-4E54-8DCF-5948ABDA5608}"
EndProject
Project("{9A19103F-16F7-4668-BE54-9A1E7A4F7556}") = "HanamikojiServer", "HanamikojiServer\HanamikojiServer.csproj", "{329C994F-EC21-42B4-BC83-7A1D94314774}"
EndProject
Global
	GlobalSection(SolutionConfigurationPlatforms) = preSolution
		Debug|Any CPU = Debug|Any CPU
		Release|Any CPU = Release|Any CPU
	EndGlobalSection
	GlobalSection(ProjectConfigurationPlatforms) = postSolution
		{9AFB083C-F108-491F-8572-2402B8FDDB8D}.Debug|Any CPU.ActiveCfg = Debug|Any CPU
		{9AFB083C-F108-491F-8572-2402B8FDDB8D}.Debug|Any CPU.Build.0 = Debug|Any CPU
		{9AFB083C-F108-491F-8572-2402B8FDDB8D}.Release|Any CPU.ActiveCfg = Release|Any CPU
		{9AFB083C-F108-491F-8572-2402B8FDDB8D}.Release|Any CPU.Build.0 = Release|Any CPU
		{E2B7C841-554B-4E54-8DCF-5948ABDA5608}.Debug|Any CPU.ActiveCfg = Debug|Any CPU
		{E2B7C841-554B-4E54-8DCF-5948ABDA5608}.Debug|Any CPU.Build.0 = Debug|Any CPU
		{E2B7C841-554B-4E54-8DCF-5948ABDA5608}.Release|Any CPU.ActiveCfg = Release|Any CPU
		{E2B7C841-554B-4E54-8DCF-5948ABDA5608}.Release|Any CPU.Build.0 = Release|Any CPU
		{329C994F-EC21-42B4-BC83-7A1D94314774}.Debug|Any CPU.ActiveCfg = Debug|Any CPU
		{329C994F-EC21-42B4-BC83-7A1D94314774}.Debug|Any CPU.Build.0 = Debug|Any CPU
		{329C994F-EC21-42B4-BC83-7A1D94314774}.Release|Any CPU.ActiveCfg = Release|Any CPU
		{329C994F-EC21-42B4-BC83-7A1D94314774}.Release|Any CPU.Build.0 = Release|Any CPU
	EndGlobalSection
	GlobalSection(SolutionProperties) = preSolution
		HideSolutionNode = FALSE
	EndGlobalSection
	GlobalSection(ExtensibilityGlobals) = postSolution
		SolutionGuid = {08EF190A-246F-42BF-80AE-555EEB5384E2}
	EndGlobalSection
EndGlobal
