
Microsoft Visual Studio Solution File, Format Version 12.00
# Visual Studio Version 17
VisualStudioVersion = 17.0.32112.339
MinimumVisualStudioVersion = 10.0.40219.1
Project("{FAE04EC0-301F-11D3-BF4B-00C04F79EFBC}") = "TCPExperiment", "TCPExperiment\TCPExperiment.csproj", "{3105F156-9B87-44D7-B66B-A4C6E9A7B4A5}"
EndProject
Global
	GlobalSection(SolutionConfigurationPlatforms) = preSolution
		Debug|Any CPU = Debug|Any CPU
		Release|Any CPU = Release|Any CPU
	EndGlobalSection
	GlobalSection(ProjectConfigurationPlatforms) = postSolution
		{3105F156-9B87-44D7-B66B-A4C6E9A7B4A5}.Debug|Any CPU.ActiveCfg = Debug|Any CPU
		{3105F156-9B87-44D7-B66B-A4C6E9A7B4A5}.Debug|Any CPU.Build.0 = Debug|Any CPU
		{3105F156-9B87-44D7-B66B-A4C6E9A7B4A5}.Release|Any CPU.ActiveCfg = Release|Any CPU
		{3105F156-9B87-44D7-B66B-A4C6E9A7B4A5}.Release|Any CPU.Build.0 = Release|Any CPU
	EndGlobalSection
	GlobalSection(SolutionProperties) = preSolution
		HideSolutionNode = FALSE
	EndGlobalSection
	GlobalSection(ExtensibilityGlobals) = postSolution
		SolutionGuid = {13BF3CFB-9E29-46CF-AA59-BA5C3A5556FB}
	EndGlobalSection
EndGlobal
